
Microsoft Visual Studio Solution File, Format Version 12.00
# Visual Studio Version 16
VisualStudioVersion = 16.0.28803.156
MinimumVisualStudioVersion = 10.0.40219.1
Project("{FAE04EC0-301F-11D3-BF4B-00C04F79EFBC}") = "IoTSharp.Cicada", "IoTSharp.Cicada\IoTSharp.Cicada.csproj", "{EC9B85A8-74C9-43E2-AD91-E5EE55E67B1A}"
EndProject
Project("{FAE04EC0-301F-11D3-BF4B-00C04F79EFBC}") = "JsonTreeView", "JsonEditor\JsonTreeView\JsonTreeView.csproj", "{9CDC178E-FC2B-4F43-BF78-280D18BEBE18}"
EndProject
Global
	GlobalSection(SolutionConfigurationPlatforms) = preSolution
		Debug|Any CPU = Debug|Any CPU
		Release|Any CPU = Release|Any CPU
	EndGlobalSection
	GlobalSection(ProjectConfigurationPlatforms) = postSolution
		{EC9B85A8-74C9-43E2-AD91-E5EE55E67B1A}.Debug|Any CPU.ActiveCfg = Debug|Any CPU
		{EC9B85A8-74C9-43E2-AD91-E5EE55E67B1A}.Debug|Any CPU.Build.0 = Debug|Any CPU
		{EC9B85A8-74C9-43E2-AD91-E5EE55E67B1A}.Release|Any CPU.ActiveCfg = Release|Any CPU
		{EC9B85A8-74C9-43E2-AD91-E5EE55E67B1A}.Release|Any CPU.Build.0 = Release|Any CPU
		{9CDC178E-FC2B-4F43-BF78-280D18BEBE18}.Debug|Any CPU.ActiveCfg = Debug|Any CPU
		{9CDC178E-FC2B-4F43-BF78-280D18BEBE18}.Debug|Any CPU.Build.0 = Debug|Any CPU
		{9CDC178E-FC2B-4F43-BF78-280D18BEBE18}.Release|Any CPU.ActiveCfg = Release|Any CPU
		{9CDC178E-FC2B-4F43-BF78-280D18BEBE18}.Release|Any CPU.Build.0 = Release|Any CPU
	EndGlobalSection
	GlobalSection(SolutionProperties) = preSolution
		HideSolutionNode = FALSE
	EndGlobalSection
	GlobalSection(ExtensibilityGlobals) = postSolution
		SolutionGuid = {57359CF1-8788-437B-972F-35360A67D8C9}
	EndGlobalSection
EndGlobal
